
Microsoft Visual Studio Solution File, Format Version 12.00
# Visual Studio Version 17
VisualStudioVersion = 17.7.34024.191
MinimumVisualStudioVersion = 10.0.40219.1
Project("{FAE04EC0-301F-11D3-BF4B-00C04F79EFBC}") = "HappyNewYear 2724 KK 1125", "HappyNewYear 2724 KK 1125\HappyNewYear 2724 KK 1125.csproj", "{35E1CACC-7A7E-4440-AC4F-AD01D42BA87A}"
EndProject
Global
	GlobalSection(SolutionConfigurationPlatforms) = preSolution
		Debug|Any CPU = Debug|Any CPU
		Release|Any CPU = Release|Any CPU
	EndGlobalSection
	GlobalSection(ProjectConfigurationPlatforms) = postSolution
		{35E1CACC-7A7E-4440-AC4F-AD01D42BA87A}.Debug|Any CPU.ActiveCfg = Debug|Any CPU
		{35E1CACC-7A7E-4440-AC4F-AD01D42BA87A}.Debug|Any CPU.Build.0 = Debug|Any CPU
		{35E1CACC-7A7E-4440-AC4F-AD01D42BA87A}.Release|Any CPU.ActiveCfg = Release|Any CPU
		{35E1CACC-7A7E-4440-AC4F-AD01D42BA87A}.Release|Any CPU.Build.0 = Release|Any CPU
	EndGlobalSection
	GlobalSection(SolutionProperties) = preSolution
		HideSolutionNode = FALSE
	EndGlobalSection
	GlobalSection(ExtensibilityGlobals) = postSolution
		SolutionGuid = {BF1B2CAB-712E-4F2A-B21B-32CF40F233FB}
	EndGlobalSection
EndGlobal
